github.com/KimMachineGun/automemlimit v0.7.1 h1:QcG/0iCOLChjfUweIMC3YL5Xy9C3VBeNmCZHrZfJMBw=
github.com/KimMachineGun/automemlimit v0.7.1/go.mod h1:QZxpHaGOQoYvFhv/r4u3U0JTC2ZcOwbSr11UZF46UBM=
github.com/pbnjay/memory v0.0.0-20210728143218-7b4eea64cf58 h1:onHthvaw9LFnH4t2DcNVpwGmV9E1BkGknEliJkfwQj0=
github.com/pbnjay/memory v0.0.0-20210728143218-7b4eea64cf58/go.mod h1:DXv8WO4yhMYhSNPKjeNKa5WY9YCIEBRbNzFFPJbWO6Y=
